// !$*UTF8*$!
{
	archiveVersion = 1;
	classes = {
	};
	objectVersion = 50;
	objects = {

/* Begin PBXBuildFile section */
		E20EE14A246A35F4006B8A2E /* AppDelegate.swift in Sources */ = {isa = PBXBuildFile; fileRef = E20EE149246A35F4006B8A2E /* AppDelegate.swift */; };
		E20EE14C246A35F4006B8A2E /* SceneDelegate.swift in Sources */ = {isa = PBXBuildFile; fileRef = E20EE14B246A35F4006B8A2E /* SceneDelegate.swift */; };
		E20EE14E246A35F4006B8A2E /* HomeExampleViewController.swift in Sources */ = {isa = PBXBuildFile; fileRef = E20EE14D246A35F4006B8A2E /* HomeExampleViewController.swift */; };
		E20EE151246A35F4006B8A2E /* Main.storyboard in Resources */ = {isa = PBXBuildFile; fileRef = E20EE14F246A35F4006B8A2E /* Main.storyboard */; };
		E20EE153246A35F5006B8A2E /* Assets.xcassets in Resources */ = {isa = PBXBuildFile; fileRef = E20EE152246A35F5006B8A2E /* Assets.xcassets */; };
		E20EE156246A35F5006B8A2E /* LaunchScreen.storyboard in Resources */ = {isa = PBXBuildFile; fileRef = E20EE154246A35F5006B8A2E /* LaunchScreen.storyboard */; };
		E20EE15C246A3614006B8A2E /* THFeedView.framework in Frameworks */ = {isa = PBXBuildFile; fileRef = E2AA1DCF245CA3C40052BB98 /* THFeedView.framework */; };
		E20EE15D246A3614006B8A2E /* THFeedView.framework in Embed Frameworks */ = {isa = PBXBuildFile; fileRef = E2AA1DCF245CA3C40052BB98 /* THFeedView.framework */; settings = {ATTRIBUTES = (CodeSignOnCopy, RemoveHeadersOnCopy, ); }; };
		E20EE163246A3652006B8A2E /* CustomSections.swift in Sources */ = {isa = PBXBuildFile; fileRef = E20EE162246A3652006B8A2E /* CustomSections.swift */; };
		E20EE169246A37DC006B8A2E /* TrendingSectionController.swift in Sources */ = {isa = PBXBuildFile; fileRef = E20EE168246A37DC006B8A2E /* TrendingSectionController.swift */; };
		E20EE16C246A39EC006B8A2E /* Mocks.swift in Sources */ = {isa = PBXBuildFile; fileRef = E20EE16B246A39EC006B8A2E /* Mocks.swift */; };
		E20EE16F246A3D32006B8A2E /* TrendingCell.swift in Sources */ = {isa = PBXBuildFile; fileRef = E20EE16E246A3D32006B8A2E /* TrendingCell.swift */; };
		E28768FA25B315BD000AFF2E /* THBaseDecorationItems.swift in Sources */ = {isa = PBXBuildFile; fileRef = E28768EA25B315BD000AFF2E /* THBaseDecorationItems.swift */; };
		E28768FB25B315BD000AFF2E /* THBaseSectionController.swift in Sources */ = {isa = PBXBuildFile; fileRef = E28768EB25B315BD000AFF2E /* THBaseSectionController.swift */; };
		E28768FC25B315BD000AFF2E /* THSection.swift in Sources */ = {isa = PBXBuildFile; fileRef = E28768EC25B315BD000AFF2E /* THSection.swift */; };
		E28768FD25B315BD000AFF2E /* THBaseSectionSupplementaryView.swift in Sources */ = {isa = PBXBuildFile; fileRef = E28768ED25B315BD000AFF2E /* THBaseSectionSupplementaryView.swift */; };
		E28768FE25B315BD000AFF2E /* THSectionProvider.swift in Sources */ = {isa = PBXBuildFile; fileRef = E28768EE25B315BD000AFF2E /* THSectionProvider.swift */; };
		E28768FF25B315BD000AFF2E /* UICollectionView+ReusableView.swift in Sources */ = {isa = PBXBuildFile; fileRef = E28768F025B315BD000AFF2E /* UICollectionView+ReusableView.swift */; };
		E287690025B315BD000AFF2E /* ReusableView.swift in Sources */ = {isa = PBXBuildFile; fileRef = E28768F125B315BD000AFF2E /* ReusableView.swift */; };
		E287690125B315BD000AFF2E /* THLayouts.swift in Sources */ = {isa = PBXBuildFile; fileRef = E28768F325B315BD000AFF2E /* THLayouts.swift */; };
		E287690225B315BD000AFF2E /* THFeedViewDataSource.swift in Sources */ = {isa = PBXBuildFile; fileRef = E28768F525B315BD000AFF2E /* THFeedViewDataSource.swift */; };
		E287690325B315BD000AFF2E /* THFeedView.swift in Sources */ = {isa = PBXBuildFile; fileRef = E28768F625B315BD000AFF2E /* THFeedView.swift */; };
		E287690425B315BD000AFF2E /* THFeedViewDelegate.swift in Sources */ = {isa = PBXBuildFile; fileRef = E28768F725B315BD000AFF2E /* THFeedViewDelegate.swift */; };
		E2AA1DD9245CA3C40052BB98 /* THFeedView.framework in Frameworks */ = {isa = PBXBuildFile; fileRef = E2AA1DCF245CA3C40052BB98 /* THFeedView.framework */; };
		E2B6051024BF81BD00A77C5E /* QuickRecoBackgroundView.swift in Sources */ = {isa = PBXBuildFile; fileRef = E2B6050F24BF81BD00A77C5E /* QuickRecoBackgroundView.swift */; };
		E2B6051324C0DE0600A77C5E /* NavigationButtonView.swift in Sources */ = {isa = PBXBuildFile; fileRef = E2B6051224C0DE0600A77C5E /* NavigationButtonView.swift */; };
		E2B6051524C0DE1200A77C5E /* NavigationButtonView.xib in Resources */ = {isa = PBXBuildFile; fileRef = E2B6051424C0DE1200A77C5E /* NavigationButtonView.xib */; };
		E2B6051824C0E9A600A77C5E /* Float+Formatter.swift in Sources */ = {isa = PBXBuildFile; fileRef = E2B6051724C0E9A600A77C5E /* Float+Formatter.swift */; };
		E2B6051B24C25AC000A77C5E /* MenuViewController.swift in Sources */ = {isa = PBXBuildFile; fileRef = E2B6051A24C25AC000A77C5E /* MenuViewController.swift */; };
		E2B6051D24C2614D00A77C5E /* ExamplesUseCases.swift in Sources */ = {isa = PBXBuildFile; fileRef = E2B6051C24C2614D00A77C5E /* ExamplesUseCases.swift */; };
		E2C1167025B45E3C007C89A4 /* Info.plist in Resources */ = {isa = PBXBuildFile; fileRef = E2C1166F25B45E3C007C89A4 /* Info.plist */; };
		E2D1F3D924BE8AC800B25E44 /* TitleHeaderView.swift in Sources */ = {isa = PBXBuildFile; fileRef = E2D1F3D824BE8AC800B25E44 /* TitleHeaderView.swift */; };
		E2D1F3DB24BE8B9F00B25E44 /* TitleHeaderView.xib in Resources */ = {isa = PBXBuildFile; fileRef = E2D1F3DA24BE8B9F00B25E44 /* TitleHeaderView.xib */; };
		E2D1F3E424BF59B100B25E44 /* QuickRecomendationsSectionController.swift in Sources */ = {isa = PBXBuildFile; fileRef = E2D1F3E324BF59B100B25E44 /* QuickRecomendationsSectionController.swift */; };
		E2D1F3E624BF5A1800B25E44 /* QuickRecoViewCell.xib in Resources */ = {isa = PBXBuildFile; fileRef = E2D1F3E524BF5A1800B25E44 /* QuickRecoViewCell.xib */; };
		E2D1F3E824BF5A3C00B25E44 /* QuickRecoViewCell.swift in Sources */ = {isa = PBXBuildFile; fileRef = E2D1F3E724BF5A3C00B25E44 /* QuickRecoViewCell.swift */; };
/* End PBXBuildFile section */

/* Begin PBXContainerItemProxy section */
		E20EE15E246A3614006B8A2E /* PBXContainerItemProxy */ = {
			isa = PBXContainerItemProxy;
			containerPortal = E2AA1DC6245CA3C40052BB98 /* Project object */;
			proxyType = 1;
			remoteGlobalIDString = E2AA1DCE245CA3C40052BB98;
			remoteInfo = THFeedView;
		};
		E2AA1DDA245CA3C40052BB98 /* PBXContainerItemProxy */ = {
			isa = PBXContainerItemProxy;
			containerPortal = E2AA1DC6245CA3C40052BB98 /* Project object */;
			proxyType = 1;
			remoteGlobalIDString = E2AA1DCE245CA3C40052BB98;
			remoteInfo = THFeedView;
		};
/* End PBXContainerItemProxy section */

/* Begin PBXCopyFilesBuildPhase section */
		E20EE160246A3614006B8A2E /* Embed Frameworks */ = {
			isa = PBXCopyFilesBuildPhase;
			buildActionMask = 2147483647;
			dstPath = "";
			dstSubfolderSpec = 10;
			files = (
				E20EE15D246A3614006B8A2E /* THFeedView.framework in Embed Frameworks */,
			);
			name = "Embed Frameworks";
			runOnlyForDeploymentPostprocessing = 0;
		};
/* End PBXCopyFilesBuildPhase section */

/* Begin PBXFileReference section */
		E20EE136246A35D3006B8A2E /* Example AppTests.xctest */ = {isa = PBXFileReference; explicitFileType = wrapper.cfbundle; includeInIndex = 0; path = "Example AppTests.xctest"; sourceTree = BUILT_PRODUCTS_DIR; };
		E20EE147246A35F4006B8A2E /* Example Test App.app */ = {isa = PBXFileReference; explicitFileType = wrapper.application; includeInIndex = 0; path = "Example Test App.app"; sourceTree = BUILT_PRODUCTS_DIR; };
		E20EE149246A35F4006B8A2E /* AppDelegate.swift */ = {isa = PBXFileReference; lastKnownFileType = sourcecode.swift; path = AppDelegate.swift; sourceTree = "<group>"; };
		E20EE14B246A35F4006B8A2E /* SceneDelegate.swift */ = {isa = PBXFileReference; lastKnownFileType = sourcecode.swift; path = SceneDelegate.swift; sourceTree = "<group>"; };
		E20EE14D246A35F4006B8A2E /* HomeExampleViewController.swift */ = {isa = PBXFileReference; lastKnownFileType = sourcecode.swift; path = HomeExampleViewController.swift; sourceTree = "<group>"; };
		E20EE150246A35F4006B8A2E /* Base */ = {isa = PBXFileReference; lastKnownFileType = file.storyboard; name = Base; path = Base.lproj/Main.storyboard; sourceTree = "<group>"; };
		E20EE152246A35F5006B8A2E /* Assets.xcassets */ = {isa = PBXFileReference; lastKnownFileType = folder.assetcatalog; path = Assets.xcassets; sourceTree = "<group>"; };
		E20EE155246A35F5006B8A2E /* Base */ = {isa = PBXFileReference; lastKnownFileType = file.storyboard; name = Base; path = Base.lproj/LaunchScreen.storyboard; sourceTree = "<group>"; };
		E20EE157246A35F5006B8A2E /* Info.plist */ = {isa = PBXFileReference; lastKnownFileType = text.plist.xml; path = Info.plist; sourceTree = "<group>"; };
		E20EE162246A3652006B8A2E /* CustomSections.swift */ = {isa = PBXFileReference; lastKnownFileType = sourcecode.swift; path = CustomSections.swift; sourceTree = "<group>"; };
		E20EE168246A37DC006B8A2E /* TrendingSectionController.swift */ = {isa = PBXFileReference; lastKnownFileType = sourcecode.swift; path = TrendingSectionController.swift; sourceTree = "<group>"; };
		E20EE16B246A39EC006B8A2E /* Mocks.swift */ = {isa = PBXFileReference; lastKnownFileType = sourcecode.swift; path = Mocks.swift; sourceTree = "<group>"; };
		E20EE16E246A3D32006B8A2E /* TrendingCell.swift */ = {isa = PBXFileReference; lastKnownFileType = sourcecode.swift; path = TrendingCell.swift; sourceTree = "<group>"; };
		E28768EA25B315BD000AFF2E /* THBaseDecorationItems.swift */ = {isa = PBXFileReference; fileEncoding = 4; lastKnownFileType = sourcecode.swift; path = THBaseDecorationItems.swift; sourceTree = "<group>"; };
		E28768EB25B315BD000AFF2E /* THBaseSectionController.swift */ = {isa = PBXFileReference; fileEncoding = 4; lastKnownFileType = sourcecode.swift; path = THBaseSectionController.swift; sourceTree = "<group>"; };
		E28768EC25B315BD000AFF2E /* THSection.swift */ = {isa = PBXFileReference; fileEncoding = 4; lastKnownFileType = sourcecode.swift; path = THSection.swift; sourceTree = "<group>"; };
		E28768ED25B315BD000AFF2E /* THBaseSectionSupplementaryView.swift */ = {isa = PBXFileReference; fileEncoding = 4; lastKnownFileType = sourcecode.swift; path = THBaseSectionSupplementaryView.swift; sourceTree = "<group>"; };
		E28768EE25B315BD000AFF2E /* THSectionProvider.swift */ = {isa = PBXFileReference; fileEncoding = 4; lastKnownFileType = sourcecode.swift; path = THSectionProvider.swift; sourceTree = "<group>"; };
		E28768F025B315BD000AFF2E /* UICollectionView+ReusableView.swift */ = {isa = PBXFileReference; fileEncoding = 4; lastKnownFileType = sourcecode.swift; path = "UICollectionView+ReusableView.swift"; sourceTree = "<group>"; };
		E28768F125B315BD000AFF2E /* ReusableView.swift */ = {isa = PBXFileReference; fileEncoding = 4; lastKnownFileType = sourcecode.swift; path = ReusableView.swift; sourceTree = "<group>"; };
		E28768F325B315BD000AFF2E /* THLayouts.swift */ = {isa = PBXFileReference; fileEncoding = 4; lastKnownFileType = sourcecode.swift; path = THLayouts.swift; sourceTree = "<group>"; };
		E28768F525B315BD000AFF2E /* THFeedViewDataSource.swift */ = {isa = PBXFileReference; fileEncoding = 4; lastKnownFileType = sourcecode.swift; path = THFeedViewDataSource.swift; sourceTree = "<group>"; };
		E28768F625B315BD000AFF2E /* THFeedView.swift */ = {isa = PBXFileReference; fileEncoding = 4; lastKnownFileType = sourcecode.swift; path = THFeedView.swift; sourceTree = "<group>"; };
		E28768F725B315BD000AFF2E /* THFeedViewDelegate.swift */ = {isa = PBXFileReference; fileEncoding = 4; lastKnownFileType = sourcecode.swift; path = THFeedViewDelegate.swift; sourceTree = "<group>"; };
		E2AA1DCF245CA3C40052BB98 /* THFeedView.framework */ = {isa = PBXFileReference; explicitFileType = wrapper.framework; includeInIndex = 0; path = THFeedView.framework; sourceTree = BUILT_PRODUCTS_DIR; };
		E2AA1DD8245CA3C40052BB98 /* THFeedViewTests.xctest */ = {isa = PBXFileReference; explicitFileType = wrapper.cfbundle; includeInIndex = 0; path = THFeedViewTests.xctest; sourceTree = BUILT_PRODUCTS_DIR; };
		E2B6050F24BF81BD00A77C5E /* QuickRecoBackgroundView.swift */ = {isa = PBXFileReference; lastKnownFileType = sourcecode.swift; path = QuickRecoBackgroundView.swift; sourceTree = "<group>"; };
		E2B6051224C0DE0600A77C5E /* NavigationButtonView.swift */ = {isa = PBXFileReference; lastKnownFileType = sourcecode.swift; path = NavigationButtonView.swift; sourceTree = "<group>"; };
		E2B6051424C0DE1200A77C5E /* NavigationButtonView.xib */ = {isa = PBXFileReference; lastKnownFileType = file.xib; path = NavigationButtonView.xib; sourceTree = "<group>"; };
		E2B6051724C0E9A600A77C5E /* Float+Formatter.swift */ = {isa = PBXFileReference; lastKnownFileType = sourcecode.swift; path = "Float+Formatter.swift"; sourceTree = "<group>"; };
		E2B6051A24C25AC000A77C5E /* MenuViewController.swift */ = {isa = PBXFileReference; lastKnownFileType = sourcecode.swift; path = MenuViewController.swift; sourceTree = "<group>"; };
		E2B6051C24C2614D00A77C5E /* ExamplesUseCases.swift */ = {isa = PBXFileReference; lastKnownFileType = sourcecode.swift; path = ExamplesUseCases.swift; sourceTree = "<group>"; };
		E2C1166F25B45E3C007C89A4 /* Info.plist */ = {isa = PBXFileReference; fileEncoding = 4; lastKnownFileType = text.plist.xml; name = Info.plist; path = LibraryComponents/Info.plist; sourceTree = "<group>"; };
		E2D1F3D824BE8AC800B25E44 /* TitleHeaderView.swift */ = {isa = PBXFileReference; lastKnownFileType = sourcecode.swift; path = TitleHeaderView.swift; sourceTree = "<group>"; };
		E2D1F3DA24BE8B9F00B25E44 /* TitleHeaderView.xib */ = {isa = PBXFileReference; lastKnownFileType = file.xib; path = TitleHeaderView.xib; sourceTree = "<group>"; };
		E2D1F3E324BF59B100B25E44 /* QuickRecomendationsSectionController.swift */ = {isa = PBXFileReference; lastKnownFileType = sourcecode.swift; path = QuickRecomendationsSectionController.swift; sourceTree = "<group>"; };
		E2D1F3E524BF5A1800B25E44 /* QuickRecoViewCell.xib */ = {isa = PBXFileReference; lastKnownFileType = file.xib; path = QuickRecoViewCell.xib; sourceTree = "<group>"; };
		E2D1F3E724BF5A3C00B25E44 /* QuickRecoViewCell.swift */ = {isa = PBXFileReference; lastKnownFileType = sourcecode.swift; path = QuickRecoViewCell.swift; sourceTree = "<group>"; };
/* End PBXFileReference section */

/* Begin PBXFrameworksBuildPhase section */
		E20EE133246A35D3006B8A2E /* Frameworks */ = {
			isa = PBXFrameworksBuildPhase;
			buildActionMask = 2147483647;
			files = (
			);
			runOnlyForDeploymentPostprocessing = 0;
		};
		E20EE144246A35F4006B8A2E /* Frameworks */ = {
			isa = PBXFrameworksBuildPhase;
			buildActionMask = 2147483647;
			files = (
				E20EE15C246A3614006B8A2E /* THFeedView.framework in Frameworks */,
			);
			runOnlyForDeploymentPostprocessing = 0;
		};
		E2AA1DCC245CA3C40052BB98 /* Frameworks */ = {
			isa = PBXFrameworksBuildPhase;
			buildActionMask = 2147483647;
			files = (
			);
			runOnlyForDeploymentPostprocessing = 0;
		};
		E2AA1DD5245CA3C40052BB98 /* Frameworks */ = {
			isa = PBXFrameworksBuildPhase;
			buildActionMask = 2147483647;
			files = (
				E2AA1DD9245CA3C40052BB98 /* THFeedView.framework in Frameworks */,
			);
			runOnlyForDeploymentPostprocessing = 0;
		};
/* End PBXFrameworksBuildPhase section */

/* Begin PBXGroup section */
		E20EE148246A35F4006B8A2E /* Example Test App */ = {
			isa = PBXGroup;
			children = (
				E2D1F3DE24BF32F500B25E44 /* Components */,
				E20EE16A246A39E1006B8A2E /* Mocks */,
				E20EE161246A363E006B8A2E /* Enums */,
				E2B6051624C0E96600A77C5E /* Extensions */,
				E20EE149246A35F4006B8A2E /* AppDelegate.swift */,
				E20EE14D246A35F4006B8A2E /* HomeExampleViewController.swift */,
				E20EE14B246A35F4006B8A2E /* SceneDelegate.swift */,
				E20EE14F246A35F4006B8A2E /* Main.storyboard */,
				E20EE152246A35F5006B8A2E /* Assets.xcassets */,
				E20EE154246A35F5006B8A2E /* LaunchScreen.storyboard */,
				E20EE157246A35F5006B8A2E /* Info.plist */,
				E2B6051A24C25AC000A77C5E /* MenuViewController.swift */,
			);
			path = "Example Test App";
			sourceTree = "<group>";
		};
		E20EE15B246A3614006B8A2E /* Frameworks */ = {
			isa = PBXGroup;
			children = (
			);
			name = Frameworks;
			sourceTree = "<group>";
		};
		E20EE161246A363E006B8A2E /* Enums */ = {
			isa = PBXGroup;
			children = (
				E20EE162246A3652006B8A2E /* CustomSections.swift */,
			);
			path = Enums;
			sourceTree = "<group>";
		};
		E20EE167246A37B1006B8A2E /* Sections */ = {
			isa = PBXGroup;
			children = (
				E2D1F3E224BF599300B25E44 /* QuickRecomendations */,
				E20EE16D246A3C79006B8A2E /* Trending */,
			);
			path = Sections;
			sourceTree = "<group>";
		};
		E20EE16A246A39E1006B8A2E /* Mocks */ = {
			isa = PBXGroup;
			children = (
				E20EE16B246A39EC006B8A2E /* Mocks.swift */,
				E2B6051C24C2614D00A77C5E /* ExamplesUseCases.swift */,
			);
			path = Mocks;
			sourceTree = "<group>";
		};
		E20EE16D246A3C79006B8A2E /* Trending */ = {
			isa = PBXGroup;
			children = (
				E20EE168246A37DC006B8A2E /* TrendingSectionController.swift */,
				E20EE16E246A3D32006B8A2E /* TrendingCell.swift */,
			);
			path = Trending;
			sourceTree = "<group>";
		};
		E28768E725B315BD000AFF2E /* THFeedView */ = {
			isa = PBXGroup;
			children = (
				E28768E825B315BD000AFF2E /* LibraryComponents */,
				E2C1166F25B45E3C007C89A4 /* Info.plist */,
			);
			name = THFeedView;
			path = Sources/THFeedView;
			sourceTree = "<group>";
		};
		E28768E825B315BD000AFF2E /* LibraryComponents */ = {
			isa = PBXGroup;
			children = (
				E28768E925B315BD000AFF2E /* Core */,
				E28768EF25B315BD000AFF2E /* Extensions */,
				E28768F225B315BD000AFF2E /* Layouts */,
				E28768F425B315BD000AFF2E /* FeedView */,
			);
			path = LibraryComponents;
			sourceTree = "<group>";
		};
		E28768E925B315BD000AFF2E /* Core */ = {
			isa = PBXGroup;
			children = (
				E28768EA25B315BD000AFF2E /* THBaseDecorationItems.swift */,
				E28768EB25B315BD000AFF2E /* THBaseSectionController.swift */,
				E28768EC25B315BD000AFF2E /* THSection.swift */,
				E28768ED25B315BD000AFF2E /* THBaseSectionSupplementaryView.swift */,
				E28768EE25B315BD000AFF2E /* THSectionProvider.swift */,
			);
			path = Core;
			sourceTree = "<group>";
		};
		E28768EF25B315BD000AFF2E /* Extensions */ = {
			isa = PBXGroup;
			children = (
				E28768F025B315BD000AFF2E /* UICollectionView+ReusableView.swift */,
				E28768F125B315BD000AFF2E /* ReusableView.swift */,
			);
			path = Extensions;
			sourceTree = "<group>";
		};
		E28768F225B315BD000AFF2E /* Layouts */ = {
			isa = PBXGroup;
			children = (
				E28768F325B315BD000AFF2E /* THLayouts.swift */,
			);
			path = Layouts;
			sourceTree = "<group>";
		};
		E28768F425B315BD000AFF2E /* FeedView */ = {
			isa = PBXGroup;
			children = (
				E28768F525B315BD000AFF2E /* THFeedViewDataSource.swift */,
				E28768F625B315BD000AFF2E /* THFeedView.swift */,
				E28768F725B315BD000AFF2E /* THFeedViewDelegate.swift */,
			);
			path = FeedView;
			sourceTree = "<group>";
		};
		E2AA1DC5245CA3C40052BB98 = {
			isa = PBXGroup;
			children = (
				E28768E725B315BD000AFF2E /* THFeedView */,
				E20EE148246A35F4006B8A2E /* Example Test App */,
				E2AA1DD0245CA3C40052BB98 /* Products */,
				E20EE15B246A3614006B8A2E /* Frameworks */,
			);
			sourceTree = "<group>";
		};
		E2AA1DD0245CA3C40052BB98 /* Products */ = {
			isa = PBXGroup;
			children = (
				E2AA1DCF245CA3C40052BB98 /* THFeedView.framework */,
				E2AA1DD8245CA3C40052BB98 /* THFeedViewTests.xctest */,
				E20EE136246A35D3006B8A2E /* Example AppTests.xctest */,
				E20EE147246A35F4006B8A2E /* Example Test App.app */,
			);
			name = Products;
			sourceTree = "<group>";
		};
		E2B6051124C0DDE300A77C5E /* NavigationButton */ = {
			isa = PBXGroup;
			children = (
				E2B6051224C0DE0600A77C5E /* NavigationButtonView.swift */,
				E2B6051424C0DE1200A77C5E /* NavigationButtonView.xib */,
			);
			path = NavigationButton;
			sourceTree = "<group>";
		};
		E2B6051624C0E96600A77C5E /* Extensions */ = {
			isa = PBXGroup;
			children = (
				E2B6051724C0E9A600A77C5E /* Float+Formatter.swift */,
			);
			path = Extensions;
			sourceTree = "<group>";
		};
		E2D1F3D624BE8AA800B25E44 /* SupplementaryView */ = {
			isa = PBXGroup;
			children = (
				E2B6051124C0DDE300A77C5E /* NavigationButton */,
				E2D1F3D724BE8ABB00B25E44 /* Title */,
			);
			path = SupplementaryView;
			sourceTree = "<group>";
		};
		E2D1F3D724BE8ABB00B25E44 /* Title */ = {
			isa = PBXGroup;
			children = (
				E2D1F3D824BE8AC800B25E44 /* TitleHeaderView.swift */,
				E2D1F3DA24BE8B9F00B25E44 /* TitleHeaderView.xib */,
			);
			path = Title;
			sourceTree = "<group>";
		};
		E2D1F3DE24BF32F500B25E44 /* Components */ = {
			isa = PBXGroup;
			children = (
				E2D1F3D624BE8AA800B25E44 /* SupplementaryView */,
				E20EE167246A37B1006B8A2E /* Sections */,
			);
			path = Components;
			sourceTree = "<group>";
		};
		E2D1F3E224BF599300B25E44 /* QuickRecomendations */ = {
			isa = PBXGroup;
			children = (
				E2B6050F24BF81BD00A77C5E /* QuickRecoBackgroundView.swift */,
				E2D1F3E324BF59B100B25E44 /* QuickRecomendationsSectionController.swift */,
				E2D1F3E524BF5A1800B25E44 /* QuickRecoViewCell.xib */,
				E2D1F3E724BF5A3C00B25E44 /* QuickRecoViewCell.swift */,
			);
			path = QuickRecomendations;
			sourceTree = "<group>";
		};
/* End PBXGroup section */

/* Begin PBXHeadersBuildPhase section */
		E2AA1DCA245CA3C40052BB98 /* Headers */ = {
			isa = PBXHeadersBuildPhase;
			buildActionMask = 2147483647;
			files = (
			);
			runOnlyForDeploymentPostprocessing = 0;
		};
/* End PBXHeadersBuildPhase section */

/* Begin PBXNativeTarget section */
		E20EE135246A35D3006B8A2E /* Example AppTests */ = {
			isa = PBXNativeTarget;
			buildConfigurationList = E20EE142246A35D3006B8A2E /* Build configuration list for PBXNativeTarget "Example AppTests" */;
			buildPhases = (
				E20EE132246A35D3006B8A2E /* Sources */,
				E20EE133246A35D3006B8A2E /* Frameworks */,
				E20EE134246A35D3006B8A2E /* Resources */,
			);
			buildRules = (
			);
			dependencies = (
			);
			name = "Example AppTests";
			productName = "Example AppTests";
			productReference = E20EE136246A35D3006B8A2E /* Example AppTests.xctest */;
			productType = "com.apple.product-type.bundle.unit-test";
		};
		E20EE146246A35F4006B8A2E /* Example Test App */ = {
			isa = PBXNativeTarget;
			buildConfigurationList = E20EE158246A35F5006B8A2E /* Build configuration list for PBXNativeTarget "Example Test App" */;
			buildPhases = (
				E20EE143246A35F4006B8A2E /* Sources */,
				E20EE144246A35F4006B8A2E /* Frameworks */,
				E20EE145246A35F4006B8A2E /* Resources */,
				E20EE160246A3614006B8A2E /* Embed Frameworks */,
			);
			buildRules = (
			);
			dependencies = (
				E20EE15F246A3614006B8A2E /* PBXTargetDependency */,
			);
			name = "Example Test App";
			productName = "Example Test App";
			productReference = E20EE147246A35F4006B8A2E /* Example Test App.app */;
			productType = "com.apple.product-type.application";
		};
		E2AA1DCE245CA3C40052BB98 /* THFeedView */ = {
			isa = PBXNativeTarget;
			buildConfigurationList = E2AA1DE3245CA3C40052BB98 /* Build configuration list for PBXNativeTarget "THFeedView" */;
			buildPhases = (
				E2AA1DCA245CA3C40052BB98 /* Headers */,
				E2AA1DCB245CA3C40052BB98 /* Sources */,
				E2AA1DCC245CA3C40052BB98 /* Frameworks */,
				E2AA1DCD245CA3C40052BB98 /* Resources */,
			);
			buildRules = (
			);
			dependencies = (
			);
			name = THFeedView;
			productName = THFeedView;
			productReference = E2AA1DCF245CA3C40052BB98 /* THFeedView.framework */;
			productType = "com.apple.product-type.framework";
		};
		E2AA1DD7245CA3C40052BB98 /* THFeedViewTests */ = {
			isa = PBXNativeTarget;
			buildConfigurationList = E2AA1DE6245CA3C40052BB98 /* Build configuration list for PBXNativeTarget "THFeedViewTests" */;
			buildPhases = (
				E2AA1DD4245CA3C40052BB98 /* Sources */,
				E2AA1DD5245CA3C40052BB98 /* Frameworks */,
				E2AA1DD6245CA3C40052BB98 /* Resources */,
			);
			buildRules = (
			);
			dependencies = (
				E2AA1DDB245CA3C40052BB98 /* PBXTargetDependency */,
			);
			name = THFeedViewTests;
			productName = THFeedViewTests;
			productReference = E2AA1DD8245CA3C40052BB98 /* THFeedViewTests.xctest */;
			productType = "com.apple.product-type.bundle.unit-test";
		};
/* End PBXNativeTarget section */

/* Begin PBXProject section */
		E2AA1DC6245CA3C40052BB98 /* Project object */ = {
			isa = PBXProject;
			attributes = {
				LastSwiftUpdateCheck = 1130;
				LastUpgradeCheck = 1130;
				ORGANIZATIONNAME = "Juan Andres Vasquez Ferrer";
				TargetAttributes = {
					E20EE135246A35D3006B8A2E = {
						CreatedOnToolsVersion = 11.3;
						TestTargetID = E20EE11B246A35D0006B8A2E;
					};
					E20EE146246A35F4006B8A2E = {
						CreatedOnToolsVersion = 11.3;
					};
					E2AA1DCE245CA3C40052BB98 = {
						CreatedOnToolsVersion = 11.3;
						LastSwiftMigration = 1130;
					};
					E2AA1DD7245CA3C40052BB98 = {
						CreatedOnToolsVersion = 11.3;
					};
				};
			};
			buildConfigurationList = E2AA1DC9245CA3C40052BB98 /* Build configuration list for PBXProject "THFeedView" */;
			compatibilityVersion = "Xcode 9.3";
			developmentRegion = en;
			hasScannedForEncodings = 0;
			knownRegions = (
				en,
				Base,
			);
			mainGroup = E2AA1DC5245CA3C40052BB98;
			productRefGroup = E2AA1DD0245CA3C40052BB98 /* Products */;
			projectDirPath = "";
			projectRoot = "";
			targets = (
				E2AA1DCE245CA3C40052BB98 /* THFeedView */,
				E2AA1DD7245CA3C40052BB98 /* THFeedViewTests */,
				E20EE135246A35D3006B8A2E /* Example AppTests */,
				E20EE146246A35F4006B8A2E /* Example Test App */,
			);
		};
/* End PBXProject section */

/* Begin PBXResourcesBuildPhase section */
		E20EE134246A35D3006B8A2E /* Resources */ = {
			isa = PBXResourcesBuildPhase;
			buildActionMask = 2147483647;
			files = (
			);
			runOnlyForDeploymentPostprocessing = 0;
		};
		E20EE145246A35F4006B8A2E /* Resources */ = {
			isa = PBXResourcesBuildPhase;
			buildActionMask = 2147483647;
			files = (
				E2D1F3DB24BE8B9F00B25E44 /* TitleHeaderView.xib in Resources */,
				E20EE156246A35F5006B8A2E /* LaunchScreen.storyboard in Resources */,
				E2D1F3E624BF5A1800B25E44 /* QuickRecoViewCell.xib in Resources */,
				E20EE153246A35F5006B8A2E /* Assets.xcassets in Resources */,
				E2B6051524C0DE1200A77C5E /* NavigationButtonView.xib in Resources */,
				E20EE151246A35F4006B8A2E /* Main.storyboard in Resources */,
			);
			runOnlyForDeploymentPostprocessing = 0;
		};
		E2AA1DCD245CA3C40052BB98 /* Resources */ = {
			isa = PBXResourcesBuildPhase;
			buildActionMask = 2147483647;
			files = (
				E2C1167025B45E3C007C89A4 /* Info.plist in Resources */,
			);
			runOnlyForDeploymentPostprocessing = 0;
		};
		E2AA1DD6245CA3C40052BB98 /* Resources */ = {
			isa = PBXResourcesBuildPhase;
			buildActionMask = 2147483647;
			files = (
			);
			runOnlyForDeploymentPostprocessing = 0;
		};
/* End PBXResourcesBuildPhase section */

/* Begin PBXSourcesBuildPhase section */
		E20EE132246A35D3006B8A2E /* Sources */ = {
			isa = PBXSourcesBuildPhase;
			buildActionMask = 2147483647;
			files = (
			);
			runOnlyForDeploymentPostprocessing = 0;
		};
		E20EE143246A35F4006B8A2E /* Sources */ = {
			isa = PBXSourcesBuildPhase;
			buildActionMask = 2147483647;
			files = (
				E20EE16F246A3D32006B8A2E /* TrendingCell.swift in Sources */,
				E20EE169246A37DC006B8A2E /* TrendingSectionController.swift in Sources */,
				E20EE16C246A39EC006B8A2E /* Mocks.swift in Sources */,
				E2B6051B24C25AC000A77C5E /* MenuViewController.swift in Sources */,
				E2D1F3E824BF5A3C00B25E44 /* QuickRecoViewCell.swift in Sources */,
				E2B6051324C0DE0600A77C5E /* NavigationButtonView.swift in Sources */,
				E2B6051D24C2614D00A77C5E /* ExamplesUseCases.swift in Sources */,
				E20EE14E246A35F4006B8A2E /* HomeExampleViewController.swift in Sources */,
				E2D1F3E424BF59B100B25E44 /* QuickRecomendationsSectionController.swift in Sources */,
				E20EE163246A3652006B8A2E /* CustomSections.swift in Sources */,
				E20EE14A246A35F4006B8A2E /* AppDelegate.swift in Sources */,
				E2B6051024BF81BD00A77C5E /* QuickRecoBackgroundView.swift in Sources */,
				E2D1F3D924BE8AC800B25E44 /* TitleHeaderView.swift in Sources */,
				E20EE14C246A35F4006B8A2E /* SceneDelegate.swift in Sources */,
				E2B6051824C0E9A600A77C5E /* Float+Formatter.swift in Sources */,
			);
			runOnlyForDeploymentPostprocessing = 0;
		};
		E2AA1DCB245CA3C40052BB98 /* Sources */ = {
			isa = PBXSourcesBuildPhase;
			buildActionMask = 2147483647;
			files = (
				E28768FB25B315BD000AFF2E /* THBaseSectionController.swift in Sources */,
				E287690425B315BD000AFF2E /* THFeedViewDelegate.swift in Sources */,
				E28768FA25B315BD000AFF2E /* THBaseDecorationItems.swift in Sources */,
				E287690225B315BD000AFF2E /* THFeedViewDataSource.swift in Sources */,
				E28768FC25B315BD000AFF2E /* THSection.swift in Sources */,
				E28768FD25B315BD000AFF2E /* THBaseSectionSupplementaryView.swift in Sources */,
				E28768FF25B315BD000AFF2E /* UICollectionView+ReusableView.swift in Sources */,
				E287690025B315BD000AFF2E /* ReusableView.swift in Sources */,
				E28768FE25B315BD000AFF2E /* THSectionProvider.swift in Sources */,
				E287690325B315BD000AFF2E /* THFeedView.swift in Sources */,
				E287690125B315BD000AFF2E /* THLayouts.swift in Sources */,
			);
			runOnlyForDeploymentPostprocessing = 0;
		};
		E2AA1DD4245CA3C40052BB98 /* Sources */ = {
			isa = PBXSourcesBuildPhase;
			buildActionMask = 2147483647;
			files = (
			);
			runOnlyForDeploymentPostprocessing = 0;
		};
/* End PBXSourcesBuildPhase section */

/* Begin PBXTargetDependency section */
		E20EE15F246A3614006B8A2E /* PBXTargetDependency */ = {
			isa = PBXTargetDependency;
			target = E2AA1DCE245CA3C40052BB98 /* THFeedView */;
			targetProxy = E20EE15E246A3614006B8A2E /* PBXContainerItemProxy */;
		};
		E2AA1DDB245CA3C40052BB98 /* PBXTargetDependency */ = {
			isa = PBXTargetDependency;
			target = E2AA1DCE245CA3C40052BB98 /* THFeedView */;
			targetProxy = E2AA1DDA245CA3C40052BB98 /* PBXContainerItemProxy */;
		};
/* End PBXTargetDependency section */

/* Begin PBXVariantGroup section */
		E20EE14F246A35F4006B8A2E /* Main.storyboard */ = {
			isa = PBXVariantGroup;
			children = (
				E20EE150246A35F4006B8A2E /* Base */,
			);
			name = Main.storyboard;
			sourceTree = "<group>";
		};
		E20EE154246A35F5006B8A2E /* LaunchScreen.storyboard */ = {
			isa = PBXVariantGroup;
			children = (
				E20EE155246A35F5006B8A2E /* Base */,
			);
			name = LaunchScreen.storyboard;
			sourceTree = "<group>";
		};
/* End PBXVariantGroup section */

/* Begin XCBuildConfiguration section */
		E20EE13F246A35D3006B8A2E /* Debug */ = {
			isa = XCBuildConfiguration;
			buildSettings = {
				BUNDLE_LOADER = "$(TEST_HOST)";
				CODE_SIGN_STYLE = Automatic;
				INFOPLIST_FILE = "Example AppTests/Info.plist";
				IPHONEOS_DEPLOYMENT_TARGET = 13.2;
				LD_RUNPATH_SEARCH_PATHS = (
					"$(inherited)",
					"@executable_path/Frameworks",
					"@loader_path/Frameworks",
				);
				PRODUCT_BUNDLE_IDENTIFIER = "Javff.Example-AppTests";
				PRODUCT_NAME = "$(TARGET_NAME)";
				TARGETED_DEVICE_FAMILY = "1,2";
				TEST_HOST = "$(BUILT_PRODUCTS_DIR)/Example App.app/Example App";
			};
			name = Debug;
		};
		E20EE140246A35D3006B8A2E /* Release */ = {
			isa = XCBuildConfiguration;
			buildSettings = {
				BUNDLE_LOADER = "$(TEST_HOST)";
				CODE_SIGN_STYLE = Automatic;
				INFOPLIST_FILE = "Example AppTests/Info.plist";
				IPHONEOS_DEPLOYMENT_TARGET = 13.2;
				LD_RUNPATH_SEARCH_PATHS = (
					"$(inherited)",
					"@executable_path/Frameworks",
					"@loader_path/Frameworks",
				);
				PRODUCT_BUNDLE_IDENTIFIER = "Javff.Example-AppTests";
				PRODUCT_NAME = "$(TARGET_NAME)";
				TARGETED_DEVICE_FAMILY = "1,2";
				TEST_HOST = "$(BUILT_PRODUCTS_DIR)/Example App.app/Example App";
			};
			name = Release;
		};
		E20EE159246A35F5006B8A2E /* Debug */ = {
			isa = XCBuildConfiguration;
			buildSettings = {
				ALWAYS_EMBED_SWIFT_STANDARD_LIBRARIES = YES;
				ASSETCATALOG_COMPILER_APPICON_NAME = AppIcon;
				CODE_SIGN_STYLE = Automatic;
				INFOPLIST_FILE = "Example Test App/Info.plist";
				IPHONEOS_DEPLOYMENT_TARGET = 13.2;
				LD_RUNPATH_SEARCH_PATHS = (
					"$(inherited)",
					"@executable_path/Frameworks",
				);
				PRODUCT_BUNDLE_IDENTIFIER = "Javff.Example-Test-App";
				PRODUCT_NAME = "$(TARGET_NAME)";
				SWIFT_VERSION = 5.0;
				TARGETED_DEVICE_FAMILY = "1,2";
			};
			name = Debug;
		};
		E20EE15A246A35F5006B8A2E /* Release */ = {
			isa = XCBuildConfiguration;
			buildSettings = {
				ALWAYS_EMBED_SWIFT_STANDARD_LIBRARIES = YES;
				ASSETCATALOG_COMPILER_APPICON_NAME = AppIcon;
				CODE_SIGN_STYLE = Automatic;
				INFOPLIST_FILE = "Example Test App/Info.plist";
				IPHONEOS_DEPLOYMENT_TARGET = 13.2;
				LD_RUNPATH_SEARCH_PATHS = (
					"$(inherited)",
					"@executable_path/Frameworks",
				);
				PRODUCT_BUNDLE_IDENTIFIER = "Javff.Example-Test-App";
				PRODUCT_NAME = "$(TARGET_NAME)";
				SWIFT_VERSION = 5.0;
				TARGETED_DEVICE_FAMILY = "1,2";
			};
			name = Release;
		};
		E2AA1DE1245CA3C40052BB98 /* Debug */ = {
			isa = XCBuildConfiguration;
			buildSettings = {
				ALWAYS_SEARCH_USER_PATHS = NO;
				CLANG_ANALYZER_NONNULL = YES;
				CLANG_ANALYZER_NUMBER_OBJECT_CONVERSION = YES_AGGRESSIVE;
				CLANG_CXX_LANGUAGE_STANDARD = "gnu++14";
				CLANG_CXX_LIBRARY = "libc++";
				CLANG_ENABLE_MODULES = YES;
				CLANG_ENABLE_OBJC_ARC = YES;
				CLANG_ENABLE_OBJC_WEAK = YES;
				CLANG_WARN_BLOCK_CAPTURE_AUTORELEASING = YES;
				CLANG_WARN_BOOL_CONVERSION = YES;
				CLANG_WARN_COMMA = YES;
				CLANG_WARN_CONSTANT_CONVERSION = YES;
				CLANG_WARN_DEPRECATED_OBJC_IMPLEMENTATIONS = YES;
				CLANG_WARN_DIRECT_OBJC_ISA_USAGE = YES_ERROR;
				CLANG_WARN_DOCUMENTATION_COMMENTS = YES;
				CLANG_WARN_EMPTY_BODY = YES;
				CLANG_WARN_ENUM_CONVERSION = YES;
				CLANG_WARN_INFINITE_RECURSION = YES;
				CLANG_WARN_INT_CONVERSION = YES;
				CLANG_WARN_NON_LITERAL_NULL_CONVERSION = YES;
				CLANG_WARN_OBJC_IMPLICIT_RETAIN_SELF = YES;
				CLANG_WARN_OBJC_LITERAL_CONVERSION = YES;
				CLANG_WARN_OBJC_ROOT_CLASS = YES_ERROR;
				CLANG_WARN_RANGE_LOOP_ANALYSIS = YES;
				CLANG_WARN_STRICT_PROTOTYPES = YES;
				CLANG_WARN_SUSPICIOUS_MOVE = YES;
				CLANG_WARN_UNGUARDED_AVAILABILITY = YES_AGGRESSIVE;
				CLANG_WARN_UNREACHABLE_CODE = YES;
				CLANG_WARN__DUPLICATE_METHOD_MATCH = YES;
				COPY_PHASE_STRIP = NO;
				CURRENT_PROJECT_VERSION = 1;
				DEBUG_INFORMATION_FORMAT = dwarf;
				ENABLE_STRICT_OBJC_MSGSEND = YES;
				ENABLE_TESTABILITY = YES;
				GCC_C_LANGUAGE_STANDARD = gnu11;
				GCC_DYNAMIC_NO_PIC = NO;
				GCC_NO_COMMON_BLOCKS = YES;
				GCC_OPTIMIZATION_LEVEL = 0;
				GCC_PREPROCESSOR_DEFINITIONS = (
					"DEBUG=1",
					"$(inherited)",
				);
				GCC_WARN_64_TO_32_BIT_CONVERSION = YES;
				GCC_WARN_ABOUT_RETURN_TYPE = YES_ERROR;
				GCC_WARN_UNDECLARED_SELECTOR = YES;
				GCC_WARN_UNINITIALIZED_AUTOS = YES_AGGRESSIVE;
				GCC_WARN_UNUSED_FUNCTION = YES;
				GCC_WARN_UNUSED_VARIABLE = YES;
				IPHONEOS_DEPLOYMENT_TARGET = 13.2;
				MTL_ENABLE_DEBUG_INFO = INCLUDE_SOURCE;
				MTL_FAST_MATH = YES;
				ONLY_ACTIVE_ARCH = YES;
				SDKROOT = iphoneos;
				SWIFT_ACTIVE_COMPILATION_CONDITIONS = DEBUG;
				SWIFT_OPTIMIZATION_LEVEL = "-Onone";
				VERSIONING_SYSTEM = "apple-generic";
				VERSION_INFO_PREFIX = "";
			};
			name = Debug;
		};
		E2AA1DE2245CA3C40052BB98 /* Release */ = {
			isa = XCBuildConfiguration;
			buildSettings = {
				ALWAYS_SEARCH_USER_PATHS = NO;
				CLANG_ANALYZER_NONNULL = YES;
				CLANG_ANALYZER_NUMBER_OBJECT_CONVERSION = YES_AGGRESSIVE;
				CLANG_CXX_LANGUAGE_STANDARD = "gnu++14";
				CLANG_CXX_LIBRARY = "libc++";
				CLANG_ENABLE_MODULES = YES;
				CLANG_ENABLE_OBJC_ARC = YES;
				CLANG_ENABLE_OBJC_WEAK = YES;
				CLANG_WARN_BLOCK_CAPTURE_AUTORELEASING = YES;
				CLANG_WARN_BOOL_CONVERSION = YES;
				CLANG_WARN_COMMA = YES;
				CLANG_WARN_CONSTANT_CONVERSION = YES;
				CLANG_WARN_DEPRECATED_OBJC_IMPLEMENTATIONS = YES;
				CLANG_WARN_DIRECT_OBJC_ISA_USAGE = YES_ERROR;
				CLANG_WARN_DOCUMENTATION_COMMENTS = YES;
				CLANG_WARN_EMPTY_BODY = YES;
				CLANG_WARN_ENUM_CONVERSION = YES;
				CLANG_WARN_INFINITE_RECURSION = YES;
				CLANG_WARN_INT_CONVERSION = YES;
				CLANG_WARN_NON_LITERAL_NULL_CONVERSION = YES;
				CLANG_WARN_OBJC_IMPLICIT_RETAIN_SELF = YES;
				CLANG_WARN_OBJC_LITERAL_CONVERSION = YES;
				CLANG_WARN_OBJC_ROOT_CLASS = YES_ERROR;
				CLANG_WARN_RANGE_LOOP_ANALYSIS = YES;
				CLANG_WARN_STRICT_PROTOTYPES = YES;
				CLANG_WARN_SUSPICIOUS_MOVE = YES;
				CLANG_WARN_UNGUARDED_AVAILABILITY = YES_AGGRESSIVE;
				CLANG_WARN_UNREACHABLE_CODE = YES;
				CLANG_WARN__DUPLICATE_METHOD_MATCH = YES;
				COPY_PHASE_STRIP = NO;
				CURRENT_PROJECT_VERSION = 1;
				DEBUG_INFORMATION_FORMAT = "dwarf-with-dsym";
				ENABLE_NS_ASSERTIONS = NO;
				ENABLE_STRICT_OBJC_MSGSEND = YES;
				GCC_C_LANGUAGE_STANDARD = gnu11;
				GCC_NO_COMMON_BLOCKS = YES;
				GCC_WARN_64_TO_32_BIT_CONVERSION = YES;
				GCC_WARN_ABOUT_RETURN_TYPE = YES_ERROR;
				GCC_WARN_UNDECLARED_SELECTOR = YES;
				GCC_WARN_UNINITIALIZED_AUTOS = YES_AGGRESSIVE;
				GCC_WARN_UNUSED_FUNCTION = YES;
				GCC_WARN_UNUSED_VARIABLE = YES;
				IPHONEOS_DEPLOYMENT_TARGET = 13.2;
				MTL_ENABLE_DEBUG_INFO = NO;
				MTL_FAST_MATH = YES;
				SDKROOT = iphoneos;
				SWIFT_COMPILATION_MODE = wholemodule;
				SWIFT_OPTIMIZATION_LEVEL = "-O";
				VALIDATE_PRODUCT = YES;
				VERSIONING_SYSTEM = "apple-generic";
				VERSION_INFO_PREFIX = "";
			};
			name = Release;
		};
		E2AA1DE4245CA3C40052BB98 /* Debug */ = {
			isa = XCBuildConfiguration;
			buildSettings = {
				CLANG_ENABLE_MODULES = YES;
				CODE_SIGN_STYLE = Automatic;
				DEFINES_MODULE = YES;
				DYLIB_COMPATIBILITY_VERSION = 1;
				DYLIB_CURRENT_VERSION = 1;
				DYLIB_INSTALL_NAME_BASE = "@rpath";
				INSTALL_PATH = "$(LOCAL_LIBRARY_DIR)/Frameworks";
				IPHONEOS_DEPLOYMENT_TARGET = 13.0;
				LD_RUNPATH_SEARCH_PATHS = (
					"$(inherited)",
					"@executable_path/Frameworks",
					"@loader_path/Frameworks",
				);
				MARKETING_VERSION = 0.0.1;
				PRODUCT_BUNDLE_IDENTIFIER = Javff.THFeedView;
				PRODUCT_NAME = "$(TARGET_NAME:c99extidentifier)";
				SKIP_INSTALL = YES;
				SUPPORTS_MACCATALYST = NO;
				SWIFT_OPTIMIZATION_LEVEL = "-Onone";
				SWIFT_VERSION = 5.0;
				TARGETED_DEVICE_FAMILY = "1,2";
			};
			name = Debug;
		};
		E2AA1DE5245CA3C40052BB98 /* Release */ = {
			isa = XCBuildConfiguration;
			buildSettings = {
				CLANG_ENABLE_MODULES = YES;
				CODE_SIGN_STYLE = Automatic;
				DEFINES_MODULE = YES;
				DYLIB_COMPATIBILITY_VERSION = 1;
				DYLIB_CURRENT_VERSION = 1;
				DYLIB_INSTALL_NAME_BASE = "@rpath";
				INSTALL_PATH = "$(LOCAL_LIBRARY_DIR)/Frameworks";
				IPHONEOS_DEPLOYMENT_TARGET = 13.0;
				LD_RUNPATH_SEARCH_PATHS = (
					"$(inherited)",
					"@executable_path/Frameworks",
					"@loader_path/Frameworks",
				);
				MARKETING_VERSION = 0.0.1;
				PRODUCT_BUNDLE_IDENTIFIER = Javff.THFeedView;
				PRODUCT_NAME = "$(TARGET_NAME:c99extidentifier)";
				SKIP_INSTALL = YES;
				SUPPORTS_MACCATALYST = NO;
				SWIFT_VERSION = 5.0;
				TARGETED_DEVICE_FAMILY = "1,2";
			};
			name = Release;
		};
		E2AA1DE7245CA3C40052BB98 /* Debug */ = {
			isa = XCBuildConfiguration;
			buildSettings = {
				ALWAYS_EMBED_SWIFT_STANDARD_LIBRARIES = YES;
				CODE_SIGN_STYLE = Automatic;
				INFOPLIST_FILE = THFeedViewTests/Info.plist;
				LD_RUNPATH_SEARCH_PATHS = (
					"$(inherited)",
					"@executable_path/Frameworks",
					"@loader_path/Frameworks",
				);
				PRODUCT_BUNDLE_IDENTIFIER = Javff.THFeedViewTests;
				PRODUCT_NAME = "$(TARGET_NAME)";
				SWIFT_VERSION = 5.0;
				TARGETED_DEVICE_FAMILY = "1,2";
			};
			name = Debug;
		};
		E2AA1DE8245CA3C40052BB98 /* Release */ = {
			isa = XCBuildConfiguration;
			buildSettings = {
				ALWAYS_EMBED_SWIFT_STANDARD_LIBRARIES = YES;
				CODE_SIGN_STYLE = Automatic;
				INFOPLIST_FILE = THFeedViewTests/Info.plist;
				LD_RUNPATH_SEARCH_PATHS = (
					"$(inherited)",
					"@executable_path/Frameworks",
					"@loader_path/Frameworks",
				);
				PRODUCT_BUNDLE_IDENTIFIER = Javff.THFeedViewTests;
				PRODUCT_NAME = "$(TARGET_NAME)";
				SWIFT_VERSION = 5.0;
				TARGETED_DEVICE_FAMILY = "1,2";
			};
			name = Release;
		};
/* End XCBuildConfiguration section */

/* Begin XCConfigurationList section */
		E20EE142246A35D3006B8A2E /* Build configuration list for PBXNativeTarget "Example AppTests" */ = {
			isa = XCConfigurationList;
			buildConfigurations = (
				E20EE13F246A35D3006B8A2E /* Debug */,
				E20EE140246A35D3006B8A2E /* Release */,
			);
			defaultConfigurationIsVisible = 0;
			defaultConfigurationName = Release;
		};
		E20EE158246A35F5006B8A2E /* Build configuration list for PBXNativeTarget "Example Test App" */ = {
			isa = XCConfigurationList;
			buildConfigurations = (
				E20EE159246A35F5006B8A2E /* Debug */,
				E20EE15A246A35F5006B8A2E /* Release */,
			);
			defaultConfigurationIsVisible = 0;
			defaultConfigurationName = Release;
		};
		E2AA1DC9245CA3C40052BB98 /* Build configuration list for PBXProject "THFeedView" */ = {
			isa = XCConfigurationList;
			buildConfigurations = (
				E2AA1DE1245CA3C40052BB98 /* Debug */,
				E2AA1DE2245CA3C40052BB98 /* Release */,
			);
			defaultConfigurationIsVisible = 0;
			defaultConfigurationName = Release;
		};
		E2AA1DE3245CA3C40052BB98 /* Build configuration list for PBXNativeTarget "THFeedView" */ = {
			isa = XCConfigurationList;
			buildConfigurations = (
				E2AA1DE4245CA3C40052BB98 /* Debug */,
				E2AA1DE5245CA3C40052BB98 /* Release */,
			);
			defaultConfigurationIsVisible = 0;
			defaultConfigurationName = Release;
		};
		E2AA1DE6245CA3C40052BB98 /* Build configuration list for PBXNativeTarget "THFeedViewTests" */ = {
			isa = XCConfigurationList;
			buildConfigurations = (
				E2AA1DE7245CA3C40052BB98 /* Debug */,
				E2AA1DE8245CA3C40052BB98 /* Release */,
			);
			defaultConfigurationIsVisible = 0;
			defaultConfigurationName = Release;
		};
/* End XCConfigurationList section */
	};
	rootObject = E2AA1DC6245CA3C40052BB98 /* Project object */;
}
